
Microsoft Visual Studio Solution File, Format Version 12.00
# Visual Studio Version 17
VisualStudioVersion = 17.0.32112.339
MinimumVisualStudioVersion = 10.0.40219.1
Project("{FAE04EC0-301F-11D3-BF4B-00C04F79EFBC}") = "TicTacToeGame", "TicTacToeGame\TicTacToeGame.csproj", "{BE890878-2F03-418D-B11C-70F6F58F921B}"
EndProject
Global
	GlobalSection(SolutionConfigurationPlatforms) = preSolution
		Debug|Any CPU = Debug|Any CPU
		Release|Any CPU = Release|Any CPU
	EndGlobalSection
	GlobalSection(ProjectConfigurationPlatforms) = postSolution
		{BE890878-2F03-418D-B11C-70F6F58F921B}.Debug|Any CPU.ActiveCfg = Debug|Any CPU
		{BE890878-2F03-418D-B11C-70F6F58F921B}.Debug|Any CPU.Build.0 = Debug|Any CPU
		{BE890878-2F03-418D-B11C-70F6F58F921B}.Release|Any CPU.ActiveCfg = Release|Any CPU
		{BE890878-2F03-418D-B11C-70F6F58F921B}.Release|Any CPU.Build.0 = Release|Any CPU
	EndGlobalSection
	GlobalSection(SolutionProperties) = preSolution
		HideSolutionNode = FALSE
	EndGlobalSection
	GlobalSection(ExtensibilityGlobals) = postSolution
		SolutionGuid = {B0236DCD-7E92-4C3A-A0D7-AD350301B850}
	EndGlobalSection
EndGlobal
